// !$*UTF8*$!
{
	archiveVersion = 1;
	classes = {
	};
	objectVersion = 50;
	objects = {

/* Begin PBXBuildFile section */
		3B0B88EB23C2342800F4754D /* IKProgressView.swift in Sources */ = {isa = PBXBuildFile; fileRef = 3B0B88E723C2342800F4754D /* IKProgressView.swift */; };
		3B0B88EC23C2342800F4754D /* IKProgressHUD.swift in Sources */ = {isa = PBXBuildFile; fileRef = 3B0B88E823C2342800F4754D /* IKProgressHUD.swift */; };
		3B0B88ED23C2342800F4754D /* IKProgressWindow.swift in Sources */ = {isa = PBXBuildFile; fileRef = 3B0B88E923C2342800F4754D /* IKProgressWindow.swift */; };
		3B0B88EE23C2342800F4754D /* IKProgressView.xib in Resources */ = {isa = PBXBuildFile; fileRef = 3B0B88EA23C2342800F4754D /* IKProgressView.xib */; };
		3B0B88F323C235B300F4754D /* String+IKExtention.swift in Sources */ = {isa = PBXBuildFile; fileRef = 3B0B88F223C235B300F4754D /* String+IKExtention.swift */; };
		5677EF1C23163727006F872E /* AppDelegate.swift in Sources */ = {isa = PBXBuildFile; fileRef = 5677EF1B23163727006F872E /* AppDelegate.swift */; };
		5677EF2123163727006F872E /* Main.storyboard in Resources */ = {isa = PBXBuildFile; fileRef = 5677EF1F23163727006F872E /* Main.storyboard */; };
		5677EF2323163728006F872E /* Assets.xcassets in Resources */ = {isa = PBXBuildFile; fileRef = 5677EF2223163728006F872E /* Assets.xcassets */; };
		5677EF2623163728006F872E /* LaunchScreen.storyboard in Resources */ = {isa = PBXBuildFile; fileRef = 5677EF2423163728006F872E /* LaunchScreen.storyboard */; };
		5677EF3123163728006F872E /* IKLibraryDemoTests.swift in Sources */ = {isa = PBXBuildFile; fileRef = 5677EF3023163728006F872E /* IKLibraryDemoTests.swift */; };
		5677EF3C23163728006F872E /* IKLibraryDemoUITests.swift in Sources */ = {isa = PBXBuildFile; fileRef = 5677EF3B23163728006F872E /* IKLibraryDemoUITests.swift */; };
		5677EF802316469E006F872E /* IKPopup.swift in Sources */ = {isa = PBXBuildFile; fileRef = 5677EF7F2316469E006F872E /* IKPopup.swift */; };
		5677EF8423164990006F872E /* IKPopupView.swift in Sources */ = {isa = PBXBuildFile; fileRef = 5677EF8323164990006F872E /* IKPopupView.swift */; };
		5677EF8623164B88006F872E /* IKPopupView.xib in Resources */ = {isa = PBXBuildFile; fileRef = 5677EF8523164B88006F872E /* IKPopupView.xib */; };
		5677EF8823167138006F872E /* UIButton+Extention.swift in Sources */ = {isa = PBXBuildFile; fileRef = 5677EF8723167138006F872E /* UIButton+Extention.swift */; };
		5677EF8C2318A064006F872E /* UIWindow+Extention.swift in Sources */ = {isa = PBXBuildFile; fileRef = 5677EF8B2318A064006F872E /* UIWindow+Extention.swift */; };
		5677EF8F2318AB99006F872E /* Queue.swift in Sources */ = {isa = PBXBuildFile; fileRef = 5677EF8E2318AB99006F872E /* Queue.swift */; };
		5677EF912318AC42006F872E /* QueueDoubleStack.swift in Sources */ = {isa = PBXBuildFile; fileRef = 5677EF902318AC42006F872E /* QueueDoubleStack.swift */; };
		5677EF932318AFCD006F872E /* IKWindow.swift in Sources */ = {isa = PBXBuildFile; fileRef = 5677EF922318AFCD006F872E /* IKWindow.swift */; };
		5677EF9523190A86006F872E /* IKPopupVC.swift in Sources */ = {isa = PBXBuildFile; fileRef = 5677EF9423190A86006F872E /* IKPopupVC.swift */; };
		5677EF9723190DD9006F872E /* UIView+Extention.swift in Sources */ = {isa = PBXBuildFile; fileRef = 5677EF9623190DD9006F872E /* UIView+Extention.swift */; };
		568A54192326417B007A0B18 /* Popup.swift in Sources */ = {isa = PBXBuildFile; fileRef = 568A54182326417B007A0B18 /* Popup.swift */; };
		56E0F810231E74FB002EB278 /* IKLibrary.framework in Frameworks */ = {isa = PBXBuildFile; fileRef = 5677EF562316414B006F872E /* IKLibrary.framework */; };
		56E0F811231E74FB002EB278 /* IKLibrary.framework in Embed Frameworks */ = {isa = PBXBuildFile; fileRef = 5677EF562316414B006F872E /* IKLibrary.framework */; settings = {ATTRIBUTES = (CodeSignOnCopy, RemoveHeadersOnCopy, ); }; };
		56E0F814231E77D4002EB278 /* MainListTVC.swift in Sources */ = {isa = PBXBuildFile; fileRef = 56E0F813231E77D4002EB278 /* MainListTVC.swift */; };
		56E0F817231F49C6002EB278 /* CGRect+Extention.swift in Sources */ = {isa = PBXBuildFile; fileRef = 56E0F816231F49C6002EB278 /* CGRect+Extention.swift */; };
		61406BD1231EA3D6006BC76A /* CustomPopupView.swift in Sources */ = {isa = PBXBuildFile; fileRef = 61406BD0231EA3D6006BC76A /* CustomPopupView.swift */; };
		61406BD3231EA3E0006BC76A /* CustomPopupView.xib in Resources */ = {isa = PBXBuildFile; fileRef = 61406BD2231EA3E0006BC76A /* CustomPopupView.xib */; };
		61406BD8231EA9E5006BC76A /* SheetPopup.swift in Sources */ = {isa = PBXBuildFile; fileRef = 61406BD7231EA9E5006BC76A /* SheetPopup.swift */; };
		61406BDA231EA9F1006BC76A /* SheetPopup.xib in Resources */ = {isa = PBXBuildFile; fileRef = 61406BD9231EA9F1006BC76A /* SheetPopup.xib */; };
		A8B6FAC023C2D11B00E03E70 /* IKDeviceSecure.swift in Sources */ = {isa = PBXBuildFile; fileRef = A8B6FABF23C2D11B00E03E70 /* IKDeviceSecure.swift */; };
		A8B6FAC423C2D36400E03E70 /* LOOCryptString.m in Sources */ = {isa = PBXBuildFile; fileRef = A8B6FAC323C2D36400E03E70 /* LOOCryptString.m */; };
/* End PBXBuildFile section */

/* Begin PBXContainerItemProxy section */
		5677EF2D23163728006F872E /* PBXContainerItemProxy */ = {
			isa = PBXContainerItemProxy;
			containerPortal = 5677EF1023163727006F872E /* Project object */;
			proxyType = 1;
			remoteGlobalIDString = 5677EF1723163727006F872E;
			remoteInfo = IKLibraryDemo;
		};
		5677EF3823163728006F872E /* PBXContainerItemProxy */ = {
			isa = PBXContainerItemProxy;
			containerPortal = 5677EF1023163727006F872E /* Project object */;
			proxyType = 1;
			remoteGlobalIDString = 5677EF1723163727006F872E;
			remoteInfo = IKLibraryDemo;
		};
/* End PBXContainerItemProxy section */

/* Begin PBXCopyFilesBuildPhase section */
		56E0F812231E74FB002EB278 /* Embed Frameworks */ = {
			isa = PBXCopyFilesBuildPhase;
			buildActionMask = 2147483647;
			dstPath = "";
			dstSubfolderSpec = 10;
			files = (
				56E0F811231E74FB002EB278 /* IKLibrary.framework in Embed Frameworks */,
			);
			name = "Embed Frameworks";
			runOnlyForDeploymentPostprocessing = 0;
		};
/* End PBXCopyFilesBuildPhase section */

/* Begin PBXFileReference section */
		3B0B88E723C2342800F4754D /* IKProgressView.swift */ = {isa = PBXFileReference; fileEncoding = 4; lastKnownFileType = sourcecode.swift; path = IKProgressView.swift; sourceTree = "<group>"; };
		3B0B88E823C2342800F4754D /* IKProgressHUD.swift */ = {isa = PBXFileReference; fileEncoding = 4; lastKnownFileType = sourcecode.swift; path = IKProgressHUD.swift; sourceTree = "<group>"; };
		3B0B88E923C2342800F4754D /* IKProgressWindow.swift */ = {isa = PBXFileReference; fileEncoding = 4; lastKnownFileType = sourcecode.swift; path = IKProgressWindow.swift; sourceTree = "<group>"; };
		3B0B88EA23C2342800F4754D /* IKProgressView.xib */ = {isa = PBXFileReference; fileEncoding = 4; lastKnownFileType = file.xib; path = IKProgressView.xib; sourceTree = "<group>"; };
		3B0B88F223C235B300F4754D /* String+IKExtention.swift */ = {isa = PBXFileReference; lastKnownFileType = sourcecode.swift; path = "String+IKExtention.swift"; sourceTree = "<group>"; };
		5677EF1823163727006F872E /* IKLibraryDemo.app */ = {isa = PBXFileReference; explicitFileType = wrapper.application; includeInIndex = 0; path = IKLibraryDemo.app; sourceTree = BUILT_PRODUCTS_DIR; };
		5677EF1B23163727006F872E /* AppDelegate.swift */ = {isa = PBXFileReference; lastKnownFileType = sourcecode.swift; path = AppDelegate.swift; sourceTree = "<group>"; };
		5677EF2023163727006F872E /* Base */ = {isa = PBXFileReference; lastKnownFileType = file.storyboard; name = Base; path = Base.lproj/Main.storyboard; sourceTree = "<group>"; };
		5677EF2223163728006F872E /* Assets.xcassets */ = {isa = PBXFileReference; lastKnownFileType = folder.assetcatalog; path = Assets.xcassets; sourceTree = "<group>"; };
		5677EF2523163728006F872E /* Base */ = {isa = PBXFileReference; lastKnownFileType = file.storyboard; name = Base; path = Base.lproj/LaunchScreen.storyboard; sourceTree = "<group>"; };
		5677EF2723163728006F872E /* Info.plist */ = {isa = PBXFileReference; lastKnownFileType = text.plist.xml; path = Info.plist; sourceTree = "<group>"; };
		5677EF2C23163728006F872E /* IKLibraryDemoTests.xctest */ = {isa = PBXFileReference; explicitFileType = wrapper.cfbundle; includeInIndex = 0; path = IKLibraryDemoTests.xctest; sourceTree = BUILT_PRODUCTS_DIR; };
		5677EF3023163728006F872E /* IKLibraryDemoTests.swift */ = {isa = PBXFileReference; lastKnownFileType = sourcecode.swift; path = IKLibraryDemoTests.swift; sourceTree = "<group>"; };
		5677EF3223163728006F872E /* Info.plist */ = {isa = PBXFileReference; lastKnownFileType = text.plist.xml; path = Info.plist; sourceTree = "<group>"; };
		5677EF3723163728006F872E /* IKLibraryDemoUITests.xctest */ = {isa = PBXFileReference; explicitFileType = wrapper.cfbundle; includeInIndex = 0; path = IKLibraryDemoUITests.xctest; sourceTree = BUILT_PRODUCTS_DIR; };
		5677EF3B23163728006F872E /* IKLibraryDemoUITests.swift */ = {isa = PBXFileReference; lastKnownFileType = sourcecode.swift; path = IKLibraryDemoUITests.swift; sourceTree = "<group>"; };
		5677EF3D23163728006F872E /* Info.plist */ = {isa = PBXFileReference; lastKnownFileType = text.plist.xml; path = Info.plist; sourceTree = "<group>"; };
		5677EF562316414B006F872E /* IKLibrary.framework */ = {isa = PBXFileReference; explicitFileType = wrapper.framework; path = IKLibrary.framework; sourceTree = BUILT_PRODUCTS_DIR; };
		5677EF7F2316469E006F872E /* IKPopup.swift */ = {isa = PBXFileReference; lastKnownFileType = sourcecode.swift; path = IKPopup.swift; sourceTree = "<group>"; };
		5677EF8323164990006F872E /* IKPopupView.swift */ = {isa = PBXFileReference; lastKnownFileType = sourcecode.swift; path = IKPopupView.swift; sourceTree = "<group>"; };
		5677EF8523164B88006F872E /* IKPopupView.xib */ = {isa = PBXFileReference; lastKnownFileType = file.xib; path = IKPopupView.xib; sourceTree = "<group>"; };
		5677EF8723167138006F872E /* UIButton+Extention.swift */ = {isa = PBXFileReference; lastKnownFileType = sourcecode.swift; path = "UIButton+Extention.swift"; sourceTree = "<group>"; };
		5677EF8B2318A064006F872E /* UIWindow+Extention.swift */ = {isa = PBXFileReference; lastKnownFileType = sourcecode.swift; path = "UIWindow+Extention.swift"; sourceTree = "<group>"; };
		5677EF8E2318AB99006F872E /* Queue.swift */ = {isa = PBXFileReference; lastKnownFileType = sourcecode.swift; path = Queue.swift; sourceTree = "<group>"; };
		5677EF902318AC42006F872E /* QueueDoubleStack.swift */ = {isa = PBXFileReference; lastKnownFileType = sourcecode.swift; path = QueueDoubleStack.swift; sourceTree = "<group>"; };
		5677EF922318AFCD006F872E /* IKWindow.swift */ = {isa = PBXFileReference; lastKnownFileType = sourcecode.swift; path = IKWindow.swift; sourceTree = "<group>"; };
		5677EF9423190A86006F872E /* IKPopupVC.swift */ = {isa = PBXFileReference; lastKnownFileType = sourcecode.swift; path = IKPopupVC.swift; sourceTree = "<group>"; };
		5677EF9623190DD9006F872E /* UIView+Extention.swift */ = {isa = PBXFileReference; lastKnownFileType = sourcecode.swift; path = "UIView+Extention.swift"; sourceTree = "<group>"; };
		568A54182326417B007A0B18 /* Popup.swift */ = {isa = PBXFileReference; lastKnownFileType = sourcecode.swift; path = Popup.swift; sourceTree = "<group>"; };
		56E0F813231E77D4002EB278 /* MainListTVC.swift */ = {isa = PBXFileReference; lastKnownFileType = sourcecode.swift; path = MainListTVC.swift; sourceTree = "<group>"; };
		56E0F816231F49C6002EB278 /* CGRect+Extention.swift */ = {isa = PBXFileReference; lastKnownFileType = sourcecode.swift; path = "CGRect+Extention.swift"; sourceTree = "<group>"; };
		61406BD0231EA3D6006BC76A /* CustomPopupView.swift */ = {isa = PBXFileReference; lastKnownFileType = sourcecode.swift; path = CustomPopupView.swift; sourceTree = "<group>"; };
		61406BD2231EA3E0006BC76A /* CustomPopupView.xib */ = {isa = PBXFileReference; lastKnownFileType = file.xib; path = CustomPopupView.xib; sourceTree = "<group>"; };
		61406BD7231EA9E5006BC76A /* SheetPopup.swift */ = {isa = PBXFileReference; lastKnownFileType = sourcecode.swift; path = SheetPopup.swift; sourceTree = "<group>"; };
		61406BD9231EA9F1006BC76A /* SheetPopup.xib */ = {isa = PBXFileReference; lastKnownFileType = file.xib; path = SheetPopup.xib; sourceTree = "<group>"; };
		A8B6FABF23C2D11B00E03E70 /* IKDeviceSecure.swift */ = {isa = PBXFileReference; lastKnownFileType = sourcecode.swift; path = IKDeviceSecure.swift; sourceTree = "<group>"; };
		A8B6FAC223C2D36400E03E70 /* LOOCryptString.h */ = {isa = PBXFileReference; fileEncoding = 4; lastKnownFileType = sourcecode.c.h; path = LOOCryptString.h; sourceTree = "<group>"; };
		A8B6FAC323C2D36400E03E70 /* LOOCryptString.m */ = {isa = PBXFileReference; fileEncoding = 4; lastKnownFileType = sourcecode.c.objc; path = LOOCryptString.m; sourceTree = "<group>"; };
/* End PBXFileReference section */

/* Begin PBXFrameworksBuildPhase section */
		5677EF1523163727006F872E /* Frameworks */ = {
			isa = PBXFrameworksBuildPhase;
			buildActionMask = 2147483647;
			files = (
				56E0F810231E74FB002EB278 /* IKLibrary.framework in Frameworks */,
			);
			runOnlyForDeploymentPostprocessing = 0;
		};
		5677EF2923163728006F872E /* Frameworks */ = {
			isa = PBXFrameworksBuildPhase;
			buildActionMask = 2147483647;
			files = (
			);
			runOnlyForDeploymentPostprocessing = 0;
		};
		5677EF3423163728006F872E /* Frameworks */ = {
			isa = PBXFrameworksBuildPhase;
			buildActionMask = 2147483647;
			files = (
			);
			runOnlyForDeploymentPostprocessing = 0;
		};
/* End PBXFrameworksBuildPhase section */

/* Begin PBXGroup section */
		3B0B88E623C2342800F4754D /* IKProgressHUD */ = {
			isa = PBXGroup;
			children = (
				3B0B88E823C2342800F4754D /* IKProgressHUD.swift */,
				3B0B88E923C2342800F4754D /* IKProgressWindow.swift */,
				3B0B88E723C2342800F4754D /* IKProgressView.swift */,
				3B0B88EA23C2342800F4754D /* IKProgressView.xib */,
			);
			path = IKProgressHUD;
			sourceTree = "<group>";
		};
		3B0B88F123C235A800F4754D /* IKExtention */ = {
			isa = PBXGroup;
			children = (
				3B0B88F223C235B300F4754D /* String+IKExtention.swift */,
			);
			path = IKExtention;
			sourceTree = "<group>";
		};
		5677EF0F23163727006F872E = {
			isa = PBXGroup;
			children = (
				5677EF1A23163727006F872E /* IKLibraryDemo */,
				5677EF2F23163728006F872E /* IKLibraryDemoTests */,
				5677EF3A23163728006F872E /* IKLibraryDemoUITests */,
				5677EF1923163727006F872E /* Products */,
				5677EF552316414B006F872E /* Frameworks */,
			);
			sourceTree = "<group>";
		};
		5677EF1923163727006F872E /* Products */ = {
			isa = PBXGroup;
			children = (
				5677EF1823163727006F872E /* IKLibraryDemo.app */,
				5677EF2C23163728006F872E /* IKLibraryDemoTests.xctest */,
				5677EF3723163728006F872E /* IKLibraryDemoUITests.xctest */,
			);
			name = Products;
			sourceTree = "<group>";
		};
		5677EF1A23163727006F872E /* IKLibraryDemo */ = {
			isa = PBXGroup;
			children = (
				5677EF1B23163727006F872E /* AppDelegate.swift */,
				56E0F813231E77D4002EB278 /* MainListTVC.swift */,
				568A54182326417B007A0B18 /* Popup.swift */,
				A8B6FABE23C2D10D00E03E70 /* IKDeviceSecure */,
				3B0B88F123C235A800F4754D /* IKExtention */,
				3B0B88E623C2342800F4754D /* IKProgressHUD */,
				61406BD4231EA8F4006BC76A /* IKPopup */,
				5677EF1F23163727006F872E /* Main.storyboard */,
				5677EF2223163728006F872E /* Assets.xcassets */,
				5677EF2423163728006F872E /* LaunchScreen.storyboard */,
				5677EF2723163728006F872E /* Info.plist */,
			);
			path = IKLibraryDemo;
			sourceTree = "<group>";
		};
		5677EF2F23163728006F872E /* IKLibraryDemoTests */ = {
			isa = PBXGroup;
			children = (
				5677EF3023163728006F872E /* IKLibraryDemoTests.swift */,
				5677EF3223163728006F872E /* Info.plist */,
			);
			path = IKLibraryDemoTests;
			sourceTree = "<group>";
		};
		5677EF3A23163728006F872E /* IKLibraryDemoUITests */ = {
			isa = PBXGroup;
			children = (
				5677EF3B23163728006F872E /* IKLibraryDemoUITests.swift */,
				5677EF3D23163728006F872E /* Info.plist */,
			);
			path = IKLibraryDemoUITests;
			sourceTree = "<group>";
		};
		5677EF552316414B006F872E /* Frameworks */ = {
			isa = PBXGroup;
			children = (
				5677EF562316414B006F872E /* IKLibrary.framework */,
			);
			name = Frameworks;
			sourceTree = "<group>";
		};
		5677EF7E2316468A006F872E /* Popup */ = {
			isa = PBXGroup;
			children = (
				5677EF7F2316469E006F872E /* IKPopup.swift */,
				5677EF8323164990006F872E /* IKPopupView.swift */,
				5677EF9423190A86006F872E /* IKPopupVC.swift */,
				5677EF922318AFCD006F872E /* IKWindow.swift */,
				5677EF8523164B88006F872E /* IKPopupView.xib */,
			);
			path = Popup;
			sourceTree = "<group>";
		};
		5677EF8D2318AB88006F872E /* Queue */ = {
			isa = PBXGroup;
			children = (
				5677EF8E2318AB99006F872E /* Queue.swift */,
				5677EF902318AC42006F872E /* QueueDoubleStack.swift */,
			);
			path = Queue;
			sourceTree = "<group>";
		};
		61406BCF231EA3B8006BC76A /* CustomPopup(Example) */ = {
			isa = PBXGroup;
			children = (
				61406BD0231EA3D6006BC76A /* CustomPopupView.swift */,
				61406BD2231EA3E0006BC76A /* CustomPopupView.xib */,
				61406BD7231EA9E5006BC76A /* SheetPopup.swift */,
				61406BD9231EA9F1006BC76A /* SheetPopup.xib */,
			);
			path = "CustomPopup(Example)";
			sourceTree = "<group>";
		};
		61406BD4231EA8F4006BC76A /* IKPopup */ = {
			isa = PBXGroup;
			children = (
				61406BCF231EA3B8006BC76A /* CustomPopup(Example) */,
				61406BD5231EA909006BC76A /* Core */,
			);
			path = IKPopup;
			sourceTree = "<group>";
		};
		61406BD5231EA909006BC76A /* Core */ = {
			isa = PBXGroup;
			children = (
				61406BD6231EA927006BC76A /* Support */,
				5677EF7E2316468A006F872E /* Popup */,
			);
			path = Core;
			sourceTree = "<group>";
		};
		61406BD6231EA927006BC76A /* Support */ = {
			isa = PBXGroup;
			children = (
				5677EF8D2318AB88006F872E /* Queue */,
				5677EF8723167138006F872E /* UIButton+Extention.swift */,
				5677EF8B2318A064006F872E /* UIWindow+Extention.swift */,
				5677EF9623190DD9006F872E /* UIView+Extention.swift */,
				56E0F816231F49C6002EB278 /* CGRect+Extention.swift */,
			);
			path = Support;
			sourceTree = "<group>";
		};
		A8B6FABE23C2D10D00E03E70 /* IKDeviceSecure */ = {
			isa = PBXGroup;
			children = (
				A8B6FABF23C2D11B00E03E70 /* IKDeviceSecure.swift */,
				A8B6FAC123C2D36400E03E70 /* LOOCryptString */,
			);
			path = IKDeviceSecure;
			sourceTree = "<group>";
		};
		A8B6FAC123C2D36400E03E70 /* LOOCryptString */ = {
			isa = PBXGroup;
			children = (
				A8B6FAC223C2D36400E03E70 /* LOOCryptString.h */,
				A8B6FAC323C2D36400E03E70 /* LOOCryptString.m */,
			);
			path = LOOCryptString;
			sourceTree = "<group>";
		};
/* End PBXGroup section */

/* Begin PBXNativeTarget section */
		5677EF1723163727006F872E /* IKLibraryDemo */ = {
			isa = PBXNativeTarget;
			buildConfigurationList = 5677EF4023163728006F872E /* Build configuration list for PBXNativeTarget "IKLibraryDemo" */;
			buildPhases = (
				5677EF1423163727006F872E /* Sources */,
				5677EF1523163727006F872E /* Frameworks */,
				5677EF1623163727006F872E /* Resources */,
				56E0F812231E74FB002EB278 /* Embed Frameworks */,
			);
			buildRules = (
			);
			dependencies = (
			);
			name = IKLibraryDemo;
			productName = IKLibraryDemo;
			productReference = 5677EF1823163727006F872E /* IKLibraryDemo.app */;
			productType = "com.apple.product-type.application";
		};
		5677EF2B23163728006F872E /* IKLibraryDemoTests */ = {
			isa = PBXNativeTarget;
			buildConfigurationList = 5677EF4323163728006F872E /* Build configuration list for PBXNativeTarget "IKLibraryDemoTests" */;
			buildPhases = (
				5677EF2823163728006F872E /* Sources */,
				5677EF2923163728006F872E /* Frameworks */,
				5677EF2A23163728006F872E /* Resources */,
			);
			buildRules = (
			);
			dependencies = (
				5677EF2E23163728006F872E /* PBXTargetDependency */,
			);
			name = IKLibraryDemoTests;
			productName = IKLibraryDemoTests;
			productReference = 5677EF2C23163728006F872E /* IKLibraryDemoTests.xctest */;
			productType = "com.apple.product-type.bundle.unit-test";
		};
		5677EF3623163728006F872E /* IKLibraryDemoUITests */ = {
			isa = PBXNativeTarget;
			buildConfigurationList = 5677EF4623163728006F872E /* Build configuration list for PBXNativeTarget "IKLibraryDemoUITests" */;
			buildPhases = (
				5677EF3323163728006F872E /* Sources */,
				5677EF3423163728006F872E /* Frameworks */,
				5677EF3523163728006F872E /* Resources */,
			);
			buildRules = (
			);
			dependencies = (
				5677EF3923163728006F872E /* PBXTargetDependency */,
			);
			name = IKLibraryDemoUITests;
			productName = IKLibraryDemoUITests;
			productReference = 5677EF3723163728006F872E /* IKLibraryDemoUITests.xctest */;
			productType = "com.apple.product-type.bundle.ui-testing";
		};
/* End PBXNativeTarget section */

/* Begin PBXProject section */
		5677EF1023163727006F872E /* Project object */ = {
			isa = PBXProject;
			attributes = {
				LastSwiftUpdateCheck = 1030;
				LastUpgradeCheck = 1030;
				ORGANIZATIONNAME = JakeJeong;
				TargetAttributes = {
					5677EF1723163727006F872E = {
						CreatedOnToolsVersion = 10.3;
					};
					5677EF2B23163728006F872E = {
						CreatedOnToolsVersion = 10.3;
						TestTargetID = 5677EF1723163727006F872E;
					};
					5677EF3623163728006F872E = {
						CreatedOnToolsVersion = 10.3;
						TestTargetID = 5677EF1723163727006F872E;
					};
				};
			};
			buildConfigurationList = 5677EF1323163727006F872E /* Build configuration list for PBXProject "IKLibraryDemo" */;
			compatibilityVersion = "Xcode 9.3";
			developmentRegion = en;
			hasScannedForEncodings = 0;
			knownRegions = (
				en,
				Base,
			);
			mainGroup = 5677EF0F23163727006F872E;
			productRefGroup = 5677EF1923163727006F872E /* Products */;
			projectDirPath = "";
			projectRoot = "";
			targets = (
				5677EF1723163727006F872E /* IKLibraryDemo */,
				5677EF2B23163728006F872E /* IKLibraryDemoTests */,
				5677EF3623163728006F872E /* IKLibraryDemoUITests */,
			);
		};
/* End PBXProject section */

/* Begin PBXResourcesBuildPhase section */
		5677EF1623163727006F872E /* Resources */ = {
			isa = PBXResourcesBuildPhase;
			buildActionMask = 2147483647;
			files = (
				5677EF2623163728006F872E /* LaunchScreen.storyboard in Resources */,
				5677EF2323163728006F872E /* Assets.xcassets in Resources */,
				5677EF2123163727006F872E /* Main.storyboard in Resources */,
				61406BD3231EA3E0006BC76A /* CustomPopupView.xib in Resources */,
				61406BDA231EA9F1006BC76A /* SheetPopup.xib in Resources */,
				3B0B88EE23C2342800F4754D /* IKProgressView.xib in Resources */,
				5677EF8623164B88006F872E /* IKPopupView.xib in Resources */,
			);
			runOnlyForDeploymentPostprocessing = 0;
		};
		5677EF2A23163728006F872E /* Resources */ = {
			isa = PBXResourcesBuildPhase;
			buildActionMask = 2147483647;
			files = (
			);
			runOnlyForDeploymentPostprocessing = 0;
		};
		5677EF3523163728006F872E /* Resources */ = {
			isa = PBXResourcesBuildPhase;
			buildActionMask = 2147483647;
			files = (
			);
			runOnlyForDeploymentPostprocessing = 0;
		};
/* End PBXResourcesBuildPhase section */

/* Begin PBXSourcesBuildPhase section */
		5677EF1423163727006F872E /* Sources */ = {
			isa = PBXSourcesBuildPhase;
			buildActionMask = 2147483647;
			files = (
				5677EF8F2318AB99006F872E /* Queue.swift in Sources */,
				61406BD1231EA3D6006BC76A /* CustomPopupView.swift in Sources */,
				56E0F814231E77D4002EB278 /* MainListTVC.swift in Sources */,
				3B0B88EC23C2342800F4754D /* IKProgressHUD.swift in Sources */,
				3B0B88EB23C2342800F4754D /* IKProgressView.swift in Sources */,
				5677EF802316469E006F872E /* IKPopup.swift in Sources */,
				56E0F817231F49C6002EB278 /* CGRect+Extention.swift in Sources */,
				5677EF8C2318A064006F872E /* UIWindow+Extention.swift in Sources */,
				5677EF8823167138006F872E /* UIButton+Extention.swift in Sources */,
				5677EF1C23163727006F872E /* AppDelegate.swift in Sources */,
				5677EF9723190DD9006F872E /* UIView+Extention.swift in Sources */,
				568A54192326417B007A0B18 /* Popup.swift in Sources */,
				3B0B88F323C235B300F4754D /* String+IKExtention.swift in Sources */,
				5677EF8423164990006F872E /* IKPopupView.swift in Sources */,
				5677EF912318AC42006F872E /* QueueDoubleStack.swift in Sources */,
				3B0B88ED23C2342800F4754D /* IKProgressWindow.swift in Sources */,
				61406BD8231EA9E5006BC76A /* SheetPopup.swift in Sources */,
				A8B6FAC423C2D36400E03E70 /* LOOCryptString.m in Sources */,
				5677EF932318AFCD006F872E /* IKWindow.swift in Sources */,
				A8B6FAC023C2D11B00E03E70 /* IKDeviceSecure.swift in Sources */,
				5677EF9523190A86006F872E /* IKPopupVC.swift in Sources */,
			);
			runOnlyForDeploymentPostprocessing = 0;
		};
		5677EF2823163728006F872E /* Sources */ = {
			isa = PBXSourcesBuildPhase;
			buildActionMask = 2147483647;
			files = (
				5677EF3123163728006F872E /* IKLibraryDemoTests.swift in Sources */,
			);
			runOnlyForDeploymentPostprocessing = 0;
		};
		5677EF3323163728006F872E /* Sources */ = {
			isa = PBXSourcesBuildPhase;
			buildActionMask = 2147483647;
			files = (
				5677EF3C23163728006F872E /* IKLibraryDemoUITests.swift in Sources */,
			);
			runOnlyForDeploymentPostprocessing = 0;
		};
/* End PBXSourcesBuildPhase section */

/* Begin PBXTargetDependency section */
		5677EF2E23163728006F872E /* PBXTargetDependency */ = {
			isa = PBXTargetDependency;
			target = 5677EF1723163727006F872E /* IKLibraryDemo */;
			targetProxy = 5677EF2D23163728006F872E /* PBXContainerItemProxy */;
		};
		5677EF3923163728006F872E /* PBXTargetDependency */ = {
			isa = PBXTargetDependency;
			target = 5677EF1723163727006F872E /* IKLibraryDemo */;
			targetProxy = 5677EF3823163728006F872E /* PBXContainerItemProxy */;
		};
/* End PBXTargetDependency section */

/* Begin PBXVariantGroup section */
		5677EF1F23163727006F872E /* Main.storyboard */ = {
			isa = PBXVariantGroup;
			children = (
				5677EF2023163727006F872E /* Base */,
			);
			name = Main.storyboard;
			sourceTree = "<group>";
		};
		5677EF2423163728006F872E /* LaunchScreen.storyboard */ = {
			isa = PBXVariantGroup;
			children = (
				5677EF2523163728006F872E /* Base */,
			);
			name = LaunchScreen.storyboard;
			sourceTree = "<group>";
		};
/* End PBXVariantGroup section */

/* Begin XCBuildConfiguration section */
		5677EF3E23163728006F872E /* Debug */ = {
			isa = XCBuildConfiguration;
			buildSettings = {
				ALWAYS_SEARCH_USER_PATHS = NO;
				CLANG_ANALYZER_NONNULL = YES;
				CLANG_ANALYZER_NUMBER_OBJECT_CONVERSION = YES_AGGRESSIVE;
				CLANG_CXX_LANGUAGE_STANDARD = "gnu++14";
				CLANG_CXX_LIBRARY = "libc++";
				CLANG_ENABLE_MODULES = YES;
				CLANG_ENABLE_OBJC_ARC = YES;
				CLANG_ENABLE_OBJC_WEAK = YES;
				CLANG_WARN_BLOCK_CAPTURE_AUTORELEASING = YES;
				CLANG_WARN_BOOL_CONVERSION = YES;
				CLANG_WARN_COMMA = YES;
				CLANG_WARN_CONSTANT_CONVERSION = YES;
				CLANG_WARN_DEPRECATED_OBJC_IMPLEMENTATIONS = YES;
				CLANG_WARN_DIRECT_OBJC_ISA_USAGE = YES_ERROR;
				CLANG_WARN_DOCUMENTATION_COMMENTS = YES;
				CLANG_WARN_EMPTY_BODY = YES;
				CLANG_WARN_ENUM_CONVERSION = YES;
				CLANG_WARN_INFINITE_RECURSION = YES;
				CLANG_WARN_INT_CONVERSION = YES;
				CLANG_WARN_NON_LITERAL_NULL_CONVERSION = YES;
				CLANG_WARN_OBJC_IMPLICIT_RETAIN_SELF = YES;
				CLANG_WARN_OBJC_LITERAL_CONVERSION = YES;
				CLANG_WARN_OBJC_ROOT_CLASS = YES_ERROR;
				CLANG_WARN_RANGE_LOOP_ANALYSIS = YES;
				CLANG_WARN_STRICT_PROTOTYPES = YES;
				CLANG_WARN_SUSPICIOUS_MOVE = YES;
				CLANG_WARN_UNGUARDED_AVAILABILITY = YES_AGGRESSIVE;
				CLANG_WARN_UNREACHABLE_CODE = YES;
				CLANG_WARN__DUPLICATE_METHOD_MATCH = YES;
				CODE_SIGN_IDENTITY = "iPhone Developer";
				COPY_PHASE_STRIP = NO;
				DEBUG_INFORMATION_FORMAT = dwarf;
				ENABLE_STRICT_OBJC_MSGSEND = YES;
				ENABLE_TESTABILITY = YES;
				GCC_C_LANGUAGE_STANDARD = gnu11;
				GCC_DYNAMIC_NO_PIC = NO;
				GCC_NO_COMMON_BLOCKS = YES;
				GCC_OPTIMIZATION_LEVEL = 0;
				GCC_PREPROCESSOR_DEFINITIONS = (
					"DEBUG=1",
					"$(inherited)",
				);
				GCC_WARN_64_TO_32_BIT_CONVERSION = YES;
				GCC_WARN_ABOUT_RETURN_TYPE = YES_ERROR;
				GCC_WARN_UNDECLARED_SELECTOR = YES;
				GCC_WARN_UNINITIALIZED_AUTOS = YES_AGGRESSIVE;
				GCC_WARN_UNUSED_FUNCTION = YES;
				GCC_WARN_UNUSED_VARIABLE = YES;
				IPHONEOS_DEPLOYMENT_TARGET = 12.4;
				MTL_ENABLE_DEBUG_INFO = INCLUDE_SOURCE;
				MTL_FAST_MATH = YES;
				ONLY_ACTIVE_ARCH = YES;
				SDKROOT = iphoneos;
				SWIFT_ACTIVE_COMPILATION_CONDITIONS = DEBUG;
				SWIFT_OPTIMIZATION_LEVEL = "-Onone";
			};
			name = Debug;
		};
		5677EF3F23163728006F872E /* Release */ = {
			isa = XCBuildConfiguration;
			buildSettings = {
				ALWAYS_SEARCH_USER_PATHS = NO;
				CLANG_ANALYZER_NONNULL = YES;
				CLANG_ANALYZER_NUMBER_OBJECT_CONVERSION = YES_AGGRESSIVE;
				CLANG_CXX_LANGUAGE_STANDARD = "gnu++14";
				CLANG_CXX_LIBRARY = "libc++";
				CLANG_ENABLE_MODULES = YES;
				CLANG_ENABLE_OBJC_ARC = YES;
				CLANG_ENABLE_OBJC_WEAK = YES;
				CLANG_WARN_BLOCK_CAPTURE_AUTORELEASING = YES;
				CLANG_WARN_BOOL_CONVERSION = YES;
				CLANG_WARN_COMMA = YES;
				CLANG_WARN_CONSTANT_CONVERSION = YES;
				CLANG_WARN_DEPRECATED_OBJC_IMPLEMENTATIONS = YES;
				CLANG_WARN_DIRECT_OBJC_ISA_USAGE = YES_ERROR;
				CLANG_WARN_DOCUMENTATION_COMMENTS = YES;
				CLANG_WARN_EMPTY_BODY = YES;
				CLANG_WARN_ENUM_CONVERSION = YES;
				CLANG_WARN_INFINITE_RECURSION = YES;
				CLANG_WARN_INT_CONVERSION = YES;
				CLANG_WARN_NON_LITERAL_NULL_CONVERSION = YES;
				CLANG_WARN_OBJC_IMPLICIT_RETAIN_SELF = YES;
				CLANG_WARN_OBJC_LITERAL_CONVERSION = YES;
				CLANG_WARN_OBJC_ROOT_CLASS = YES_ERROR;
				CLANG_WARN_RANGE_LOOP_ANALYSIS = YES;
				CLANG_WARN_STRICT_PROTOTYPES = YES;
				CLANG_WARN_SUSPICIOUS_MOVE = YES;
				CLANG_WARN_UNGUARDED_AVAILABILITY = YES_AGGRESSIVE;
				CLANG_WARN_UNREACHABLE_CODE = YES;
				CLANG_WARN__DUPLICATE_METHOD_MATCH = YES;
				CODE_SIGN_IDENTITY = "iPhone Developer";
				COPY_PHASE_STRIP = NO;
				DEBUG_INFORMATION_FORMAT = "dwarf-with-dsym";
				ENABLE_NS_ASSERTIONS = NO;
				ENABLE_STRICT_OBJC_MSGSEND = YES;
				GCC_C_LANGUAGE_STANDARD = gnu11;
				GCC_NO_COMMON_BLOCKS = YES;
				GCC_WARN_64_TO_32_BIT_CONVERSION = YES;
				GCC_WARN_ABOUT_RETURN_TYPE = YES_ERROR;
				GCC_WARN_UNDECLARED_SELECTOR = YES;
				GCC_WARN_UNINITIALIZED_AUTOS = YES_AGGRESSIVE;
				GCC_WARN_UNUSED_FUNCTION = YES;
				GCC_WARN_UNUSED_VARIABLE = YES;
				IPHONEOS_DEPLOYMENT_TARGET = 12.4;
				MTL_ENABLE_DEBUG_INFO = NO;
				MTL_FAST_MATH = YES;
				SDKROOT = iphoneos;
				SWIFT_COMPILATION_MODE = wholemodule;
				SWIFT_OPTIMIZATION_LEVEL = "-O";
				VALIDATE_PRODUCT = YES;
			};
			name = Release;
		};
		5677EF4123163728006F872E /* Debug */ = {
			isa = XCBuildConfiguration;
			buildSettings = {
				ASSETCATALOG_COMPILER_APPICON_NAME = AppIcon;
				CODE_SIGN_STYLE = Automatic;
				DEVELOPMENT_TEAM = UKBWEH49RK;
				INFOPLIST_FILE = IKLibraryDemo/Info.plist;
				LD_RUNPATH_SEARCH_PATHS = (
					"$(inherited)",
					"@executable_path/Frameworks",
				);
				PRODUCT_BUNDLE_IDENTIFIER = com.ikjeong.dev.IKLibraryDemo;
				PRODUCT_NAME = "$(TARGET_NAME)";
				SWIFT_VERSION = 5.0;
				TARGETED_DEVICE_FAMILY = "1,2";
			};
			name = Debug;
		};
		5677EF4223163728006F872E /* Release */ = {
			isa = XCBuildConfiguration;
			buildSettings = {
				ASSETCATALOG_COMPILER_APPICON_NAME = AppIcon;
				CODE_SIGN_STYLE = Automatic;
				DEVELOPMENT_TEAM = UKBWEH49RK;
				INFOPLIST_FILE = IKLibraryDemo/Info.plist;
				LD_RUNPATH_SEARCH_PATHS = (
					"$(inherited)",
					"@executable_path/Frameworks",
				);
				PRODUCT_BUNDLE_IDENTIFIER = com.ikjeong.dev.IKLibraryDemo;
				PRODUCT_NAME = "$(TARGET_NAME)";
				SWIFT_VERSION = 5.0;
				TARGETED_DEVICE_FAMILY = "1,2";
			};
			name = Release;
		};
		5677EF4423163728006F872E /* Debug */ = {
			isa = XCBuildConfiguration;
			buildSettings = {
				ALWAYS_EMBED_SWIFT_STANDARD_LIBRARIES = YES;
				BUNDLE_LOADER = "$(TEST_HOST)";
				CODE_SIGN_STYLE = Automatic;
				DEVELOPMENT_TEAM = UKBWEH49RK;
				INFOPLIST_FILE = IKLibraryDemoTests/Info.plist;
				LD_RUNPATH_SEARCH_PATHS = (
					"$(inherited)",
					"@executable_path/Frameworks",
					"@loader_path/Frameworks",
				);
				PRODUCT_BUNDLE_IDENTIFIER = com.ikjeong.dev.IKLibraryDemoTests;
				PRODUCT_NAME = "$(TARGET_NAME)";
				SWIFT_VERSION = 5.0;
				TARGETED_DEVICE_FAMILY = "1,2";
				TEST_HOST = "$(BUILT_PRODUCTS_DIR)/IKLibraryDemo.app/IKLibraryDemo";
			};
			name = Debug;
		};
		5677EF4523163728006F872E /* Release */ = {
			isa = XCBuildConfiguration;
			buildSettings = {
				ALWAYS_EMBED_SWIFT_STANDARD_LIBRARIES = YES;
				BUNDLE_LOADER = "$(TEST_HOST)";
				CODE_SIGN_STYLE = Automatic;
				DEVELOPMENT_TEAM = UKBWEH49RK;
				INFOPLIST_FILE = IKLibraryDemoTests/Info.plist;
				LD_RUNPATH_SEARCH_PATHS = (
					"$(inherited)",
					"@executable_path/Frameworks",
					"@loader_path/Frameworks",
				);
				PRODUCT_BUNDLE_IDENTIFIER = com.ikjeong.dev.IKLibraryDemoTests;
				PRODUCT_NAME = "$(TARGET_NAME)";
				SWIFT_VERSION = 5.0;
				TARGETED_DEVICE_FAMILY = "1,2";
				TEST_HOST = "$(BUILT_PRODUCTS_DIR)/IKLibraryDemo.app/IKLibraryDemo";
			};
			name = Release;
		};
		5677EF4723163728006F872E /* Debug */ = {
			isa = XCBuildConfiguration;
			buildSettings = {
				ALWAYS_EMBED_SWIFT_STANDARD_LIBRARIES = YES;
				CODE_SIGN_STYLE = Automatic;
				DEVELOPMENT_TEAM = UKBWEH49RK;
				INFOPLIST_FILE = IKLibraryDemoUITests/Info.plist;
				LD_RUNPATH_SEARCH_PATHS = (
					"$(inherited)",
					"@executable_path/Frameworks",
					"@loader_path/Frameworks",
				);
				PRODUCT_BUNDLE_IDENTIFIER = com.ikjeong.dev.IKLibraryDemoUITests;
				PRODUCT_NAME = "$(TARGET_NAME)";
				SWIFT_VERSION = 5.0;
				TARGETED_DEVICE_FAMILY = "1,2";
				TEST_TARGET_NAME = IKLibraryDemo;
			};
			name = Debug;
		};
		5677EF4823163728006F872E /* Release */ = {
			isa = XCBuildConfiguration;
			buildSettings = {
				ALWAYS_EMBED_SWIFT_STANDARD_LIBRARIES = YES;
				CODE_SIGN_STYLE = Automatic;
				DEVELOPMENT_TEAM = UKBWEH49RK;
				INFOPLIST_FILE = IKLibraryDemoUITests/Info.plist;
				LD_RUNPATH_SEARCH_PATHS = (
					"$(inherited)",
					"@executable_path/Frameworks",
					"@loader_path/Frameworks",
				);
				PRODUCT_BUNDLE_IDENTIFIER = com.ikjeong.dev.IKLibraryDemoUITests;
				PRODUCT_NAME = "$(TARGET_NAME)";
				SWIFT_VERSION = 5.0;
				TARGETED_DEVICE_FAMILY = "1,2";
				TEST_TARGET_NAME = IKLibraryDemo;
			};
			name = Release;
		};
/* End XCBuildConfiguration section */

/* Begin XCConfigurationList section */
		5677EF1323163727006F872E /* Build configuration list for PBXProject "IKLibraryDemo" */ = {
			isa = XCConfigurationList;
			buildConfigurations = (
				5677EF3E23163728006F872E /* Debug */,
				5677EF3F23163728006F872E /* Release */,
			);
			defaultConfigurationIsVisible = 0;
			defaultConfigurationName = Release;
		};
		5677EF4023163728006F872E /* Build configuration list for PBXNativeTarget "IKLibraryDemo" */ = {
			isa = XCConfigurationList;
			buildConfigurations = (
				5677EF4123163728006F872E /* Debug */,
				5677EF4223163728006F872E /* Release */,
			);
			defaultConfigurationIsVisible = 0;
			defaultConfigurationName = Release;
		};
		5677EF4323163728006F872E /* Build configuration list for PBXNativeTarget "IKLibraryDemoTests" */ = {
			isa = XCConfigurationList;
			buildConfigurations = (
				5677EF4423163728006F872E /* Debug */,
				5677EF4523163728006F872E /* Release */,
			);
			defaultConfigurationIsVisible = 0;
			defaultConfigurationName = Release;
		};
		5677EF4623163728006F872E /* Build configuration list for PBXNativeTarget "IKLibraryDemoUITests" */ = {
			isa = XCConfigurationList;
			buildConfigurations = (
				5677EF4723163728006F872E /* Debug */,
				5677EF4823163728006F872E /* Release */,
			);
			defaultConfigurationIsVisible = 0;
			defaultConfigurationName = Release;
		};
/* End XCConfigurationList section */
	};
	rootObject = 5677EF1023163727006F872E /* Project object */;
}
